
Microsoft Visual Studio Solution File, Format Version 12.00
# Visual Studio Version 17
VisualStudioVersion = 17.12.35707.178 d17.12
MinimumVisualStudioVersion = 10.0.40219.1
Project("{FAE04EC0-301F-11D3-BF4B-00C04F79EFBC}") = "order-microservice", "order-microservice\order-microservice.csproj", "{8DE72B90-7EF0-4F4B-B797-73C8800C13FE}"
EndProject
Project("{FAE04EC0-301F-11D3-BF4B-00C04F79EFBC}") = "Businesslogiclayer", "Businesslogiclayer\Businesslogiclayer.csproj", "{C4B4A69A-1B88-4A34-BC4D-E31098611B0C}"
EndProject
Project("{FAE04EC0-301F-11D3-BF4B-00C04F79EFBC}") = "DataAccessLayer", "DataAccessLayer\DataAccessLayer.csproj", "{04677244-9D7A-4D16-A39E-D9E8E42B6B9C}"
EndProject
Global
	GlobalSection(SolutionConfigurationPlatforms) = preSolution
		Debug|Any CPU = Debug|Any CPU
		Release|Any CPU = Release|Any CPU
	EndGlobalSection
	GlobalSection(ProjectConfigurationPlatforms) = postSolution
		{8DE72B90-7EF0-4F4B-B797-73C8800C13FE}.Debug|Any CPU.ActiveCfg = Debug|Any CPU
		{8DE72B90-7EF0-4F4B-B797-73C8800C13FE}.Debug|Any CPU.Build.0 = Debug|Any CPU
		{8DE72B90-7EF0-4F4B-B797-73C8800C13FE}.Release|Any CPU.ActiveCfg = Release|Any CPU
		{8DE72B90-7EF0-4F4B-B797-73C8800C13FE}.Release|Any CPU.Build.0 = Release|Any CPU
		{C4B4A69A-1B88-4A34-BC4D-E31098611B0C}.Debug|Any CPU.ActiveCfg = Debug|Any CPU
		{C4B4A69A-1B88-4A34-BC4D-E31098611B0C}.Debug|Any CPU.Build.0 = Debug|Any CPU
		{C4B4A69A-1B88-4A34-BC4D-E31098611B0C}.Release|Any CPU.ActiveCfg = Release|Any CPU
		{C4B4A69A-1B88-4A34-BC4D-E31098611B0C}.Release|Any CPU.Build.0 = Release|Any CPU
		{04677244-9D7A-4D16-A39E-D9E8E42B6B9C}.Debug|Any CPU.ActiveCfg = Debug|Any CPU
		{04677244-9D7A-4D16-A39E-D9E8E42B6B9C}.Debug|Any CPU.Build.0 = Debug|Any CPU
		{04677244-9D7A-4D16-A39E-D9E8E42B6B9C}.Release|Any CPU.ActiveCfg = Release|Any CPU
		{04677244-9D7A-4D16-A39E-D9E8E42B6B9C}.Release|Any CPU.Build.0 = Release|Any CPU
	EndGlobalSection
	GlobalSection(SolutionProperties) = preSolution
		HideSolutionNode = FALSE
	EndGlobalSection
EndGlobal
